
Microsoft Visual Studio Solution File, Format Version 12.00
# Visual Studio 14
VisualStudioVersion = 14.0.25123.0
MinimumVisualStudioVersion = 10.0.40219.1
Project("{FAE04EC0-301F-11D3-BF4B-00C04F79EFBC}") = "MetroRent", "MetroRent\MetroRent.csproj", "{2AAD60FA-44B7-4B6A-AD95-EE1182137EFE}"
EndProject
Project("{FAE04EC0-301F-11D3-BF4B-00C04F79EFBC}") = "MetroRent.Tests", "MetroRent.Tests\MetroRent.Tests.csproj", "{192F4A76-43EE-42E8-9C5F-0F4BF3CE5121}"
EndProject
Project("{FAE04EC0-301F-11D3-BF4B-00C04F79EFBC}") = "BusinessLogic", "BusinessLogic\BusinessLogic.csproj", "{B7896563-C934-4064-A562-102CF50F9BB0}"
EndProject
Project("{FAE04EC0-301F-11D3-BF4B-00C04F79EFBC}") = "DataLayer", "DataLayer\DataLayer.csproj", "{25399A55-C3D8-41E5-9D9D-008FBFD7F363}"
EndProject
Global
	GlobalSection(SolutionConfigurationPlatforms) = preSolution
		Debug|Any CPU = Debug|Any CPU
		Release|Any CPU = Release|Any CPU
	EndGlobalSection
	GlobalSection(ProjectConfigurationPlatforms) = postSolution
		{2AAD60FA-44B7-4B6A-AD95-EE1182137EFE}.Debug|Any CPU.ActiveCfg = Debug|Any CPU
		{2AAD60FA-44B7-4B6A-AD95-EE1182137EFE}.Debug|Any CPU.Build.0 = Debug|Any CPU
		{2AAD60FA-44B7-4B6A-AD95-EE1182137EFE}.Release|Any CPU.ActiveCfg = Release|Any CPU
		{2AAD60FA-44B7-4B6A-AD95-EE1182137EFE}.Release|Any CPU.Build.0 = Release|Any CPU
		{192F4A76-43EE-42E8-9C5F-0F4BF3CE5121}.Debug|Any CPU.ActiveCfg = Debug|Any CPU
		{192F4A76-43EE-42E8-9C5F-0F4BF3CE5121}.Debug|Any CPU.Build.0 = Debug|Any CPU
		{192F4A76-43EE-42E8-9C5F-0F4BF3CE5121}.Release|Any CPU.ActiveCfg = Release|Any CPU
		{192F4A76-43EE-42E8-9C5F-0F4BF3CE5121}.Release|Any CPU.Build.0 = Release|Any CPU
		{B7896563-C934-4064-A562-102CF50F9BB0}.Debug|Any CPU.ActiveCfg = Debug|Any CPU
		{B7896563-C934-4064-A562-102CF50F9BB0}.Debug|Any CPU.Build.0 = Debug|Any CPU
		{B7896563-C934-4064-A562-102CF50F9BB0}.Release|Any CPU.ActiveCfg = Release|Any CPU
		{B7896563-C934-4064-A562-102CF50F9BB0}.Release|Any CPU.Build.0 = Release|Any CPU
		{25399A55-C3D8-41E5-9D9D-008FBFD7F363}.Debug|Any CPU.ActiveCfg = Debug|Any CPU
		{25399A55-C3D8-41E5-9D9D-008FBFD7F363}.Debug|Any CPU.Build.0 = Debug|Any CPU
		{25399A55-C3D8-41E5-9D9D-008FBFD7F363}.Release|Any CPU.ActiveCfg = Release|Any CPU
		{25399A55-C3D8-41E5-9D9D-008FBFD7F363}.Release|Any CPU.Build.0 = Release|Any CPU
	EndGlobalSection
	GlobalSection(SolutionProperties) = preSolution
		HideSolutionNode = FALSE
	EndGlobalSection
EndGlobal
